
Microsoft Visual Studio Solution File, Format Version 12.00
# Visual Studio 15
VisualStudioVersion = 15.0.27130.2010
MinimumVisualStudioVersion = 10.0.40219.1
Project("{9A19103F-16F7-4668-BE54-9A1E7A4F7556}") = "Placeless", "Placeless\Placeless.csproj", "{4F3A79E8-5A10-4D4F-A092-24773D7271C1}"
EndProject
Project("{9A19103F-16F7-4668-BE54-9A1E7A4F7556}") = "Placeless.MetadataStore.Sql", "Placeless.MetadataStore.Sql\Placeless.MetadataStore.Sql.csproj", "{9EF06488-1E9A-4AE0-8FAA-46D14695DC4C}"
EndProject
Project("{9A19103F-16F7-4668-BE54-9A1E7A4F7556}") = "Placeless.Configuration.AspDotNet", "Placeless.Configuration.AspDotNet\Placeless.Configuration.AspDotNet.csproj", "{30430F9B-7249-47B9-91C6-2D815DF3D5DC}"
EndProject
Project("{9A19103F-16F7-4668-BE54-9A1E7A4F7556}") = "Placeless.Source.Windows", "Placeless.Source.Windows\Placeless.Source.Windows.csproj", "{C576226C-7C62-4846-A7C4-74D60707F813}"
EndProject
Project("{9A19103F-16F7-4668-BE54-9A1E7A4F7556}") = "Placeless.Console", "Placeless.Console\Placeless.Console.csproj", "{E40C2735-BA06-4F76-B39F-9AC0B6386AAE}"
EndProject
Project("{9A19103F-16F7-4668-BE54-9A1E7A4F7556}") = "Placeless.Generator", "Placeless.Generator\Placeless.Generator.csproj", "{C708811C-FD38-4E9D-85F9-16DA1592D5D5}"
EndProject
Project("{9A19103F-16F7-4668-BE54-9A1E7A4F7556}") = "Placeless.Source.Flickr", "Placeless.Source.Flickr\Placeless.Source.Flickr.csproj", "{50FA47A6-A251-4605-B94F-E7CBC3A730FA}"
EndProject
Project("{FAE04EC0-301F-11D3-BF4B-00C04F79EFBC}") = "Placeless.Source.Telegram", "Placeless.Source.Telegram\Placeless.Source.Telegram.csproj", "{AD5ED3B4-0BE0-4F87-AB6F-D20EE499D3ED}"
EndProject
Global
	GlobalSection(SolutionConfigurationPlatforms) = preSolution
		Debug|Any CPU = Debug|Any CPU
		Release|Any CPU = Release|Any CPU
	EndGlobalSection
	GlobalSection(ProjectConfigurationPlatforms) = postSolution
		{4F3A79E8-5A10-4D4F-A092-24773D7271C1}.Debug|Any CPU.ActiveCfg = Debug|Any CPU
		{4F3A79E8-5A10-4D4F-A092-24773D7271C1}.Debug|Any CPU.Build.0 = Debug|Any CPU
		{4F3A79E8-5A10-4D4F-A092-24773D7271C1}.Release|Any CPU.ActiveCfg = Release|Any CPU
		{4F3A79E8-5A10-4D4F-A092-24773D7271C1}.Release|Any CPU.Build.0 = Release|Any CPU
		{9EF06488-1E9A-4AE0-8FAA-46D14695DC4C}.Debug|Any CPU.ActiveCfg = Debug|Any CPU
		{9EF06488-1E9A-4AE0-8FAA-46D14695DC4C}.Debug|Any CPU.Build.0 = Debug|Any CPU
		{9EF06488-1E9A-4AE0-8FAA-46D14695DC4C}.Release|Any CPU.ActiveCfg = Release|Any CPU
		{9EF06488-1E9A-4AE0-8FAA-46D14695DC4C}.Release|Any CPU.Build.0 = Release|Any CPU
		{30430F9B-7249-47B9-91C6-2D815DF3D5DC}.Debug|Any CPU.ActiveCfg = Debug|Any CPU
		{30430F9B-7249-47B9-91C6-2D815DF3D5DC}.Debug|Any CPU.Build.0 = Debug|Any CPU
		{30430F9B-7249-47B9-91C6-2D815DF3D5DC}.Release|Any CPU.ActiveCfg = Release|Any CPU
		{30430F9B-7249-47B9-91C6-2D815DF3D5DC}.Release|Any CPU.Build.0 = Release|Any CPU
		{C576226C-7C62-4846-A7C4-74D60707F813}.Debug|Any CPU.ActiveCfg = Debug|Any CPU
		{C576226C-7C62-4846-A7C4-74D60707F813}.Debug|Any CPU.Build.0 = Debug|Any CPU
		{C576226C-7C62-4846-A7C4-74D60707F813}.Release|Any CPU.ActiveCfg = Release|Any CPU
		{C576226C-7C62-4846-A7C4-74D60707F813}.Release|Any CPU.Build.0 = Release|Any CPU
		{E40C2735-BA06-4F76-B39F-9AC0B6386AAE}.Debug|Any CPU.ActiveCfg = Debug|Any CPU
		{E40C2735-BA06-4F76-B39F-9AC0B6386AAE}.Debug|Any CPU.Build.0 = Debug|Any CPU
		{E40C2735-BA06-4F76-B39F-9AC0B6386AAE}.Release|Any CPU.ActiveCfg = Release|Any CPU
		{E40C2735-BA06-4F76-B39F-9AC0B6386AAE}.Release|Any CPU.Build.0 = Release|Any CPU
		{C708811C-FD38-4E9D-85F9-16DA1592D5D5}.Debug|Any CPU.ActiveCfg = Debug|Any CPU
		{C708811C-FD38-4E9D-85F9-16DA1592D5D5}.Debug|Any CPU.Build.0 = Debug|Any CPU
		{C708811C-FD38-4E9D-85F9-16DA1592D5D5}.Release|Any CPU.ActiveCfg = Release|Any CPU
		{C708811C-FD38-4E9D-85F9-16DA1592D5D5}.Release|Any CPU.Build.0 = Release|Any CPU
		{50FA47A6-A251-4605-B94F-E7CBC3A730FA}.Debug|Any CPU.ActiveCfg = Debug|Any CPU
		{50FA47A6-A251-4605-B94F-E7CBC3A730FA}.Debug|Any CPU.Build.0 = Debug|Any CPU
		{50FA47A6-A251-4605-B94F-E7CBC3A730FA}.Release|Any CPU.ActiveCfg = Release|Any CPU
		{50FA47A6-A251-4605-B94F-E7CBC3A730FA}.Release|Any CPU.Build.0 = Release|Any CPU
		{AD5ED3B4-0BE0-4F87-AB6F-D20EE499D3ED}.Debug|Any CPU.ActiveCfg = Debug|Any CPU
		{AD5ED3B4-0BE0-4F87-AB6F-D20EE499D3ED}.Debug|Any CPU.Build.0 = Debug|Any CPU
		{AD5ED3B4-0BE0-4F87-AB6F-D20EE499D3ED}.Release|Any CPU.ActiveCfg = Release|Any CPU
		{AD5ED3B4-0BE0-4F87-AB6F-D20EE499D3ED}.Release|Any CPU.Build.0 = Release|Any CPU
	EndGlobalSection
	GlobalSection(SolutionProperties) = preSolution
		HideSolutionNode = FALSE
	EndGlobalSection
	GlobalSection(ExtensibilityGlobals) = postSolution
		SolutionGuid = {7CB064F0-ACBE-41C6-91E2-BD5BC5310722}
	EndGlobalSection
EndGlobal
